// !$*UTF8*$!
{
	archiveVersion = 1;
	classes = {
	};
	objectVersion = 46;
	objects = {

/* Begin PBXBuildFile section */
		4136ACDD1F58008A007F8057 /* AppDelegate.swift in Sources */ = {isa = PBXBuildFile; fileRef = 4136ACDC1F580089007F8057 /* AppDelegate.swift */; };
		4136ACDF1F58008A007F8057 /* ViewController.swift in Sources */ = {isa = PBXBuildFile; fileRef = 4136ACDE1F58008A007F8057 /* ViewController.swift */; };
		4136ACE21F58008A007F8057 /* Main.storyboard in Resources */ = {isa = PBXBuildFile; fileRef = 4136ACE01F58008A007F8057 /* Main.storyboard */; };
		4136ACE41F58008A007F8057 /* Assets.xcassets in Resources */ = {isa = PBXBuildFile; fileRef = 4136ACE31F58008A007F8057 /* Assets.xcassets */; };
		4136ACE71F58008A007F8057 /* LaunchScreen.storyboard in Resources */ = {isa = PBXBuildFile; fileRef = 4136ACE51F58008A007F8057 /* LaunchScreen.storyboard */; };
		526974361F59CA6800D25FCB /* SendLocation.swift in Sources */ = {isa = PBXBuildFile; fileRef = 526974351F59CA6800D25FCB /* SendLocation.swift */; };
		526974391F5A397F00D25FCB /* AlertViewController.swift in Sources */ = {isa = PBXBuildFile; fileRef = 526974381F5A397F00D25FCB /* AlertViewController.swift */; };
		5269743F1F5A738600D25FCB /* LocationManager.swift in Sources */ = {isa = PBXBuildFile; fileRef = 5269743E1F5A738600D25FCB /* LocationManager.swift */; };
		526974431F5AA20200D25FCB /* SendMail.swift in Sources */ = {isa = PBXBuildFile; fileRef = 526974421F5AA20200D25FCB /* SendMail.swift */; };
		F6C85220A90F0E9907C6B4C1 /* Pods_GoogleMapImplementation.framework in Frameworks */ = {isa = PBXBuildFile; fileRef = 9826D021D26CA306A5C17858 /* Pods_GoogleMapImplementation.framework */; };
/* End PBXBuildFile section */

/* Begin PBXFileReference section */
		34C82C20FE8C1E8A248847A0 /* Pods-GoogleMapImplementation.release.xcconfig */ = {isa = PBXFileReference; includeInIndex = 1; lastKnownFileType = text.xcconfig; name = "Pods-GoogleMapImplementation.release.xcconfig"; path = "Pods/Target Support Files/Pods-GoogleMapImplementation/Pods-GoogleMapImplementation.release.xcconfig"; sourceTree = "<group>"; };
		4136ACD91F580089007F8057 /* GoogleMapImplementation.app */ = {isa = PBXFileReference; explicitFileType = wrapper.application; includeInIndex = 0; path = GoogleMapImplementation.app; sourceTree = BUILT_PRODUCTS_DIR; };
		4136ACDC1F580089007F8057 /* AppDelegate.swift */ = {isa = PBXFileReference; lastKnownFileType = sourcecode.swift; path = AppDelegate.swift; sourceTree = "<group>"; };
		4136ACDE1F58008A007F8057 /* ViewController.swift */ = {isa = PBXFileReference; lastKnownFileType = sourcecode.swift; path = ViewController.swift; sourceTree = "<group>"; };
		4136ACE11F58008A007F8057 /* Base */ = {isa = PBXFileReference; lastKnownFileType = file.storyboard; name = Base; path = Base.lproj/Main.storyboard; sourceTree = "<group>"; };
		4136ACE31F58008A007F8057 /* Assets.xcassets */ = {isa = PBXFileReference; lastKnownFileType = folder.assetcatalog; path = Assets.xcassets; sourceTree = "<group>"; };
		4136ACE61F58008A007F8057 /* Base */ = {isa = PBXFileReference; lastKnownFileType = file.storyboard; name = Base; path = Base.lproj/LaunchScreen.storyboard; sourceTree = "<group>"; };
		4136ACE81F58008A007F8057 /* Info.plist */ = {isa = PBXFileReference; lastKnownFileType = text.plist.xml; path = Info.plist; sourceTree = "<group>"; };
		526974351F59CA6800D25FCB /* SendLocation.swift */ = {isa = PBXFileReference; fileEncoding = 4; lastKnownFileType = sourcecode.swift; path = SendLocation.swift; sourceTree = "<group>"; };
		526974381F5A397F00D25FCB /* AlertViewController.swift */ = {isa = PBXFileReference; fileEncoding = 4; lastKnownFileType = sourcecode.swift; path = AlertViewController.swift; sourceTree = "<group>"; };
		5269743E1F5A738600D25FCB /* LocationManager.swift */ = {isa = PBXFileReference; fileEncoding = 4; lastKnownFileType = sourcecode.swift; path = LocationManager.swift; sourceTree = "<group>"; };
		526974421F5AA20200D25FCB /* SendMail.swift */ = {isa = PBXFileReference; fileEncoding = 4; lastKnownFileType = sourcecode.swift; path = SendMail.swift; sourceTree = "<group>"; };
		9826D021D26CA306A5C17858 /* Pods_GoogleMapImplementation.framework */ = {isa = PBXFileReference; explicitFileType = wrapper.framework; includeInIndex = 0; path = Pods_GoogleMapImplementation.framework; sourceTree = BUILT_PRODUCTS_DIR; };
		9FC63F5350CE10F85063E869 /* Pods-GoogleMapImplementation.debug.xcconfig */ = {isa = PBXFileReference; includeInIndex = 1; lastKnownFileType = text.xcconfig; name = "Pods-GoogleMapImplementation.debug.xcconfig"; path = "Pods/Target Support Files/Pods-GoogleMapImplementation/Pods-GoogleMapImplementation.debug.xcconfig"; sourceTree = "<group>"; };
/* End PBXFileReference section */

/* Begin PBXFrameworksBuildPhase section */
		4136ACD61F580089007F8057 /* Frameworks */ = {
			isa = PBXFrameworksBuildPhase;
			buildActionMask = 2147483647;
			files = (
				F6C85220A90F0E9907C6B4C1 /* Pods_GoogleMapImplementation.framework in Frameworks */,
			);
			runOnlyForDeploymentPostprocessing = 0;
		};
/* End PBXFrameworksBuildPhase section */

/* Begin PBXGroup section */
		0AD3056879C0E462C67BDA48 /* Pods */ = {
			isa = PBXGroup;
			children = (
				9FC63F5350CE10F85063E869 /* Pods-GoogleMapImplementation.debug.xcconfig */,
				34C82C20FE8C1E8A248847A0 /* Pods-GoogleMapImplementation.release.xcconfig */,
			);
			name = Pods;
			sourceTree = "<group>";
		};
		4136ACD01F580089007F8057 = {
			isa = PBXGroup;
			children = (
				4136ACDB1F580089007F8057 /* GoogleMapImplementation */,
				4136ACDA1F580089007F8057 /* Products */,
				0AD3056879C0E462C67BDA48 /* Pods */,
				C58AE8FF2401A49F99FA4368 /* Frameworks */,
			);
			sourceTree = "<group>";
		};
		4136ACDA1F580089007F8057 /* Products */ = {
			isa = PBXGroup;
			children = (
				4136ACD91F580089007F8057 /* GoogleMapImplementation.app */,
			);
			name = Products;
			sourceTree = "<group>";
		};
		4136ACDB1F580089007F8057 /* GoogleMapImplementation */ = {
			isa = PBXGroup;
			children = (
				526974441F5AAD3000D25FCB /* Extention */,
				526974411F5AA19400D25FCB /* EMailClass */,
				526974401F5A83A500D25FCB /* MainViewController */,
				5269743D1F5A735D00D25FCB /* Location Mananger Class */,
				526974371F5A38A400D25FCB /* AlertView */,
				4136ACDC1F580089007F8057 /* AppDelegate.swift */,
				4136ACE01F58008A007F8057 /* Main.storyboard */,
				4136ACE31F58008A007F8057 /* Assets.xcassets */,
				4136ACE51F58008A007F8057 /* LaunchScreen.storyboard */,
				4136ACE81F58008A007F8057 /* Info.plist */,
			);
			path = GoogleMapImplementation;
			sourceTree = "<group>";
		};
		526974371F5A38A400D25FCB /* AlertView */ = {
			isa = PBXGroup;
			children = (
				526974381F5A397F00D25FCB /* AlertViewController.swift */,
			);
			name = AlertView;
			sourceTree = "<group>";
		};
		5269743D1F5A735D00D25FCB /* Location Mananger Class */ = {
			isa = PBXGroup;
			children = (
				5269743E1F5A738600D25FCB /* LocationManager.swift */,
			);
			name = "Location Mananger Class";
			sourceTree = "<group>";
		};
		526974401F5A83A500D25FCB /* MainViewController */ = {
			isa = PBXGroup;
			children = (
				4136ACDE1F58008A007F8057 /* ViewController.swift */,
			);
			name = MainViewController;
			sourceTree = "<group>";
		};
		526974411F5AA19400D25FCB /* EMailClass */ = {
			isa = PBXGroup;
			children = (
				526974421F5AA20200D25FCB /* SendMail.swift */,
			);
			name = EMailClass;
			sourceTree = "<group>";
		};
		526974441F5AAD3000D25FCB /* Extention */ = {
			isa = PBXGroup;
			children = (
				526974351F59CA6800D25FCB /* SendLocation.swift */,
			);
			name = Extention;
			sourceTree = "<group>";
		};
		C58AE8FF2401A49F99FA4368 /* Frameworks */ = {
			isa = PBXGroup;
			children = (
				9826D021D26CA306A5C17858 /* Pods_GoogleMapImplementation.framework */,
			);
			name = Frameworks;
			sourceTree = "<group>";
		};
/* End PBXGroup section */

/* Begin PBXNativeTarget section */
		4136ACD81F580089007F8057 /* GoogleMapImplementation */ = {
			isa = PBXNativeTarget;
			buildConfigurationList = 4136ACEB1F58008A007F8057 /* Build configuration list for PBXNativeTarget "GoogleMapImplementation" */;
			buildPhases = (
				7A8CE8ADD35DD827250B87CF /* [CP] Check Pods Manifest.lock */,
				4136ACD51F580089007F8057 /* Sources */,
				4136ACD61F580089007F8057 /* Frameworks */,
				4136ACD71F580089007F8057 /* Resources */,
				ED91A448610816A7192EFDE2 /* [CP] Embed Pods Frameworks */,
				D0484CEB7F15684D196B8217 /* [CP] Copy Pods Resources */,
			);
			buildRules = (
			);
			dependencies = (
			);
			name = GoogleMapImplementation;
			productName = GoogleMapImplementation;
			productReference = 4136ACD91F580089007F8057 /* GoogleMapImplementation.app */;
			productType = "com.apple.product-type.application";
		};
/* End PBXNativeTarget section */

/* Begin PBXProject section */
		4136ACD11F580089007F8057 /* Project object */ = {
			isa = PBXProject;
			attributes = {
				LastSwiftUpdateCheck = 0820;
				LastUpgradeCheck = 0820;
				ORGANIZATIONNAME = Devclan;
				TargetAttributes = {
					4136ACD81F580089007F8057 = {
						CreatedOnToolsVersion = 8.2.1;
						DevelopmentTeam = H5GC64F34R;
						ProvisioningStyle = Automatic;
					};
				};
			};
			buildConfigurationList = 4136ACD41F580089007F8057 /* Build configuration list for PBXProject "GoogleMapImplementation" */;
			compatibilityVersion = "Xcode 3.2";
			developmentRegion = English;
			hasScannedForEncodings = 0;
			knownRegions = (
				en,
				Base,
			);
			mainGroup = 4136ACD01F580089007F8057;
			productRefGroup = 4136ACDA1F580089007F8057 /* Products */;
			projectDirPath = "";
			projectRoot = "";
			targets = (
				4136ACD81F580089007F8057 /* GoogleMapImplementation */,
			);
		};
/* End PBXProject section */

/* Begin PBXResourcesBuildPhase section */
		4136ACD71F580089007F8057 /* Resources */ = {
			isa = PBXResourcesBuildPhase;
			buildActionMask = 2147483647;
			files = (
				4136ACE71F58008A007F8057 /* LaunchScreen.storyboard in Resources */,
				4136ACE41F58008A007F8057 /* Assets.xcassets in Resources */,
				4136ACE21F58008A007F8057 /* Main.storyboard in Resources */,
			);
			runOnlyForDeploymentPostprocessing = 0;
		};
/* End PBXResourcesBuildPhase section */

/* Begin PBXShellScriptBuildPhase section */
		7A8CE8ADD35DD827250B87CF /* [CP] Check Pods Manifest.lock */ = {
			isa = PBXShellScriptBuildPhase;
			buildActionMask = 2147483647;
			files = (
			);
			inputPaths = (
				"${PODS_PODFILE_DIR_PATH}/Podfile.lock",
				"${PODS_ROOT}/Manifest.lock",
			);
			name = "[CP] Check Pods Manifest.lock";
			outputPaths = (
				"$(DERIVED_FILE_DIR)/Pods-GoogleMapImplementation-checkManifestLockResult.txt",
			);
			runOnlyForDeploymentPostprocessing = 0;
			shellPath = /bin/sh;
			shellScript = "diff \"${PODS_PODFILE_DIR_PATH}/Podfile.lock\" \"${PODS_ROOT}/Manifest.lock\" > /dev/null\nif [ $? != 0 ] ; then\n    # print error to STDERR\n    echo \"error: The sandbox is not in sync with the Podfile.lock. Run 'pod install' or update your CocoaPods installation.\" >&2\n    exit 1\nfi\n# This output is used by Xcode 'outputs' to avoid re-running this script phase.\necho \"SUCCESS\" > \"${SCRIPT_OUTPUT_FILE_0}\"\n";
			showEnvVarsInLog = 0;
		};
		D0484CEB7F15684D196B8217 /* [CP] Copy Pods Resources */ = {
			isa = PBXShellScriptBuildPhase;
			buildActionMask = 2147483647;
			files = (
			);
			inputPaths = (
				"${SRCROOT}/Pods/Target Support Files/Pods-GoogleMapImplementation/Pods-GoogleMapImplementation-resources.sh",
				"${PODS_ROOT}/GoogleMaps/Maps/Frameworks/GoogleMaps.framework/Resources/GoogleMaps.bundle",
				"${PODS_ROOT}/GooglePlaces/Frameworks/GooglePlaces.framework/Resources/GooglePlaces.bundle",
			);
			name = "[CP] Copy Pods Resources";
			outputPaths = (
				"${TARGET_BUILD_DIR}/${UNLOCALIZED_RESOURCES_FOLDER_PATH}",
			);
			runOnlyForDeploymentPostprocessing = 0;
			shellPath = /bin/sh;
			shellScript = "\"${SRCROOT}/Pods/Target Support Files/Pods-GoogleMapImplementation/Pods-GoogleMapImplementation-resources.sh\"\n";
			showEnvVarsInLog = 0;
		};
		ED91A448610816A7192EFDE2 /* [CP] Embed Pods Frameworks */ = {
			isa = PBXShellScriptBuildPhase;
			buildActionMask = 2147483647;
			files = (
			);
			inputPaths = (
			);
			name = "[CP] Embed Pods Frameworks";
			outputPaths = (
			);
			runOnlyForDeploymentPostprocessing = 0;
			shellPath = /bin/sh;
			shellScript = "\"${SRCROOT}/Pods/Target Support Files/Pods-GoogleMapImplementation/Pods-GoogleMapImplementation-frameworks.sh\"\n";
			showEnvVarsInLog = 0;
		};
/* End PBXShellScriptBuildPhase section */

/* Begin PBXSourcesBuildPhase section */
		4136ACD51F580089007F8057 /* Sources */ = {
			isa = PBXSourcesBuildPhase;
			buildActionMask = 2147483647;
			files = (
				526974431F5AA20200D25FCB /* SendMail.swift in Sources */,
				526974361F59CA6800D25FCB /* SendLocation.swift in Sources */,
				4136ACDF1F58008A007F8057 /* ViewController.swift in Sources */,
				5269743F1F5A738600D25FCB /* LocationManager.swift in Sources */,
				4136ACDD1F58008A007F8057 /* AppDelegate.swift in Sources */,
				526974391F5A397F00D25FCB /* AlertViewController.swift in Sources */,
			);
			runOnlyForDeploymentPostprocessing = 0;
		};
/* End PBXSourcesBuildPhase section */

/* Begin PBXVariantGroup section */
		4136ACE01F58008A007F8057 /* Main.storyboard */ = {
			isa = PBXVariantGroup;
			children = (
				4136ACE11F58008A007F8057 /* Base */,
			);
			name = Main.storyboard;
			sourceTree = "<group>";
		};
		4136ACE51F58008A007F8057 /* LaunchScreen.storyboard */ = {
			isa = PBXVariantGroup;
			children = (
				4136ACE61F58008A007F8057 /* Base */,
			);
			name = LaunchScreen.storyboard;
			sourceTree = "<group>";
		};
/* End PBXVariantGroup section */

/* Begin XCBuildConfiguration section */
		4136ACE91F58008A007F8057 /* Debug */ = {
			isa = XCBuildConfiguration;
			buildSettings = {
				ALWAYS_SEARCH_USER_PATHS = NO;
				CLANG_ANALYZER_NONNULL = YES;
				CLANG_CXX_LANGUAGE_STANDARD = "gnu++0x";
				CLANG_CXX_LIBRARY = "libc++";
				CLANG_ENABLE_MODULES = YES;
				CLANG_ENABLE_OBJC_ARC = YES;
				CLANG_WARN_BOOL_CONVERSION = YES;
				CLANG_WARN_CONSTANT_CONVERSION = YES;
				CLANG_WARN_DIRECT_OBJC_ISA_USAGE = YES_ERROR;
				CLANG_WARN_DOCUMENTATION_COMMENTS = YES;
				CLANG_WARN_EMPTY_BODY = YES;
				CLANG_WARN_ENUM_CONVERSION = YES;
				CLANG_WARN_INFINITE_RECURSION = YES;
				CLANG_WARN_INT_CONVERSION = YES;
				CLANG_WARN_OBJC_ROOT_CLASS = YES_ERROR;
				CLANG_WARN_SUSPICIOUS_MOVE = YES;
				CLANG_WARN_UNREACHABLE_CODE = YES;
				CLANG_WARN__DUPLICATE_METHOD_MATCH = YES;
				"CODE_SIGN_IDENTITY[sdk=iphoneos*]" = "iPhone Developer";
				COPY_PHASE_STRIP = NO;
				DEBUG_INFORMATION_FORMAT = dwarf;
				ENABLE_STRICT_OBJC_MSGSEND = YES;
				ENABLE_TESTABILITY = YES;
				GCC_C_LANGUAGE_STANDARD = gnu99;
				GCC_DYNAMIC_NO_PIC = NO;
				GCC_NO_COMMON_BLOCKS = YES;
				GCC_OPTIMIZATION_LEVEL = 0;
				GCC_PREPROCESSOR_DEFINITIONS = (
					"DEBUG=1",
					"$(inherited)",
				);
				GCC_WARN_64_TO_32_BIT_CONVERSION = YES;
				GCC_WARN_ABOUT_RETURN_TYPE = YES_ERROR;
				GCC_WARN_UNDECLARED_SELECTOR = YES;
				GCC_WARN_UNINITIALIZED_AUTOS = YES_AGGRESSIVE;
				GCC_WARN_UNUSED_FUNCTION = YES;
				GCC_WARN_UNUSED_VARIABLE = YES;
				IPHONEOS_DEPLOYMENT_TARGET = 10.2;
				MTL_ENABLE_DEBUG_INFO = YES;
				ONLY_ACTIVE_ARCH = YES;
				SDKROOT = iphoneos;
				SWIFT_ACTIVE_COMPILATION_CONDITIONS = DEBUG;
				SWIFT_OPTIMIZATION_LEVEL = "-Onone";
				TARGETED_DEVICE_FAMILY = "1,2";
			};
			name = Debug;
		};
		4136ACEA1F58008A007F8057 /* Release */ = {
			isa = XCBuildConfiguration;
			buildSettings = {
				ALWAYS_SEARCH_USER_PATHS = NO;
				CLANG_ANALYZER_NONNULL = YES;
				CLANG_CXX_LANGUAGE_STANDARD = "gnu++0x";
				CLANG_CXX_LIBRARY = "libc++";
				CLANG_ENABLE_MODULES = YES;
				CLANG_ENABLE_OBJC_ARC = YES;
				CLANG_WARN_BOOL_CONVERSION = YES;
				CLANG_WARN_CONSTANT_CONVERSION = YES;
				CLANG_WARN_DIRECT_OBJC_ISA_USAGE = YES_ERROR;
				CLANG_WARN_DOCUMENTATION_COMMENTS = YES;
				CLANG_WARN_EMPTY_BODY = YES;
				CLANG_WARN_ENUM_CONVERSION = YES;
				CLANG_WARN_INFINITE_RECURSION = YES;
				CLANG_WARN_INT_CONVERSION = YES;
				CLANG_WARN_OBJC_ROOT_CLASS = YES_ERROR;
				CLANG_WARN_SUSPICIOUS_MOVE = YES;
				CLANG_WARN_UNREACHABLE_CODE = YES;
				CLANG_WARN__DUPLICATE_METHOD_MATCH = YES;
				"CODE_SIGN_IDENTITY[sdk=iphoneos*]" = "iPhone Developer";
				COPY_PHASE_STRIP = NO;
				DEBUG_INFORMATION_FORMAT = "dwarf-with-dsym";
				ENABLE_NS_ASSERTIONS = NO;
				ENABLE_STRICT_OBJC_MSGSEND = YES;
				GCC_C_LANGUAGE_STANDARD = gnu99;
				GCC_NO_COMMON_BLOCKS = YES;
				GCC_WARN_64_TO_32_BIT_CONVERSION = YES;
				GCC_WARN_ABOUT_RETURN_TYPE = YES_ERROR;
				GCC_WARN_UNDECLARED_SELECTOR = YES;
				GCC_WARN_UNINITIALIZED_AUTOS = YES_AGGRESSIVE;
				GCC_WARN_UNUSED_FUNCTION = YES;
				GCC_WARN_UNUSED_VARIABLE = YES;
				IPHONEOS_DEPLOYMENT_TARGET = 10.2;
				MTL_ENABLE_DEBUG_INFO = NO;
				SDKROOT = iphoneos;
				SWIFT_OPTIMIZATION_LEVEL = "-Owholemodule";
				TARGETED_DEVICE_FAMILY = "1,2";
				VALIDATE_PRODUCT = YES;
			};
			name = Release;
		};
		4136ACEC1F58008A007F8057 /* Debug */ = {
			isa = XCBuildConfiguration;
			baseConfigurationReference = 9FC63F5350CE10F85063E869 /* Pods-GoogleMapImplementation.debug.xcconfig */;
			buildSettings = {
				ASSETCATALOG_COMPILER_APPICON_NAME = AppIcon;
				DEVELOPMENT_TEAM = H5GC64F34R;
				INFOPLIST_FILE = GoogleMapImplementation/Info.plist;
				IPHONEOS_DEPLOYMENT_TARGET = 10.0;
				LD_RUNPATH_SEARCH_PATHS = "$(inherited) @executable_path/Frameworks";
				PRODUCT_BUNDLE_IDENTIFIER = com.farinazo.heere;
				PRODUCT_NAME = "$(TARGET_NAME)";
				SWIFT_VERSION = 3.0;
			};
			name = Debug;
		};
		4136ACED1F58008A007F8057 /* Release */ = {
			isa = XCBuildConfiguration;
			baseConfigurationReference = 34C82C20FE8C1E8A248847A0 /* Pods-GoogleMapImplementation.release.xcconfig */;
			buildSettings = {
				ASSETCATALOG_COMPILER_APPICON_NAME = AppIcon;
				DEVELOPMENT_TEAM = H5GC64F34R;
				INFOPLIST_FILE = GoogleMapImplementation/Info.plist;
				IPHONEOS_DEPLOYMENT_TARGET = 10.0;
				LD_RUNPATH_SEARCH_PATHS = "$(inherited) @executable_path/Frameworks";
				PRODUCT_BUNDLE_IDENTIFIER = com.farinazo.heere;
				PRODUCT_NAME = "$(TARGET_NAME)";
				SWIFT_VERSION = 3.0;
			};
			name = Release;
		};
/* End XCBuildConfiguration section */

/* Begin XCConfigurationList section */
		4136ACD41F580089007F8057 /* Build configuration list for PBXProject "GoogleMapImplementation" */ = {
			isa = XCConfigurationList;
			buildConfigurations = (
				4136ACE91F58008A007F8057 /* Debug */,
				4136ACEA1F58008A007F8057 /* Release */,
			);
			defaultConfigurationIsVisible = 0;
			defaultConfigurationName = Release;
		};
		4136ACEB1F58008A007F8057 /* Build configuration list for PBXNativeTarget "GoogleMapImplementation" */ = {
			isa = XCConfigurationList;
			buildConfigurations = (
				4136ACEC1F58008A007F8057 /* Debug */,
				4136ACED1F58008A007F8057 /* Release */,
			);
			defaultConfigurationIsVisible = 0;
			defaultConfigurationName = Release;
		};
/* End XCConfigurationList section */
	};
	rootObject = 4136ACD11F580089007F8057 /* Project object */;
}
